
Microsoft Visual Studio Solution File, Format Version 12.00
# Visual Studio Version 17
VisualStudioVersion = 17.13.35931.197 d17.13
MinimumVisualStudioVersion = 10.0.40219.1
Project("{FAE04EC0-301F-11D3-BF4B-00C04F79EFBC}") = "FUNewsManagementRazorPages", "FUNewsManagementRazorPages\FUNewsManagementRazorPages.csproj", "{A1046EB8-6BDC-4612-8416-657B536BCE29}"
EndProject
Project("{FAE04EC0-301F-11D3-BF4B-00C04F79EFBC}") = "FUNewsManagement.BusinessObjects", "FUNewsManagement.BusinessObjects\FUNewsManagement.BusinessObjects.csproj", "{08607DDF-FFBB-40E4-80E6-9655A61B8696}"
EndProject
Project("{FAE04EC0-301F-11D3-BF4B-00C04F79EFBC}") = "FUNewsManagement.DataAccess", "FUNewsManagement.DataAccess\FUNewsManagement.DataAccess.csproj", "{A1283217-FC24-4015-AF3F-EC31E0A5FFA3}"
EndProject
Project("{FAE04EC0-301F-11D3-BF4B-00C04F79EFBC}") = "FUNewsManagement.Services", "FUNewsManagement.Services\FUNewsManagement.Services.csproj", "{B6BDC6F7-CE3E-404C-9CDE-4B7A64EA5A26}"
EndProject
Global
	GlobalSection(SolutionConfigurationPlatforms) = preSolution
		Debug|Any CPU = Debug|Any CPU
		Release|Any CPU = Release|Any CPU
	EndGlobalSection
	GlobalSection(ProjectConfigurationPlatforms) = postSolution
		{A1046EB8-6BDC-4612-8416-657B536BCE29}.Debug|Any CPU.ActiveCfg = Debug|Any CPU
		{A1046EB8-6BDC-4612-8416-657B536BCE29}.Debug|Any CPU.Build.0 = Debug|Any CPU
		{A1046EB8-6BDC-4612-8416-657B536BCE29}.Release|Any CPU.ActiveCfg = Release|Any CPU
		{A1046EB8-6BDC-4612-8416-657B536BCE29}.Release|Any CPU.Build.0 = Release|Any CPU
		{08607DDF-FFBB-40E4-80E6-9655A61B8696}.Debug|Any CPU.ActiveCfg = Debug|Any CPU
		{08607DDF-FFBB-40E4-80E6-9655A61B8696}.Debug|Any CPU.Build.0 = Debug|Any CPU
		{08607DDF-FFBB-40E4-80E6-9655A61B8696}.Release|Any CPU.ActiveCfg = Release|Any CPU
		{08607DDF-FFBB-40E4-80E6-9655A61B8696}.Release|Any CPU.Build.0 = Release|Any CPU
		{A1283217-FC24-4015-AF3F-EC31E0A5FFA3}.Debug|Any CPU.ActiveCfg = Debug|Any CPU
		{A1283217-FC24-4015-AF3F-EC31E0A5FFA3}.Debug|Any CPU.Build.0 = Debug|Any CPU
		{A1283217-FC24-4015-AF3F-EC31E0A5FFA3}.Release|Any CPU.ActiveCfg = Release|Any CPU
		{A1283217-FC24-4015-AF3F-EC31E0A5FFA3}.Release|Any CPU.Build.0 = Release|Any CPU
		{B6BDC6F7-CE3E-404C-9CDE-4B7A64EA5A26}.Debug|Any CPU.ActiveCfg = Debug|Any CPU
		{B6BDC6F7-CE3E-404C-9CDE-4B7A64EA5A26}.Debug|Any CPU.Build.0 = Debug|Any CPU
		{B6BDC6F7-CE3E-404C-9CDE-4B7A64EA5A26}.Release|Any CPU.ActiveCfg = Release|Any CPU
		{B6BDC6F7-CE3E-404C-9CDE-4B7A64EA5A26}.Release|Any CPU.Build.0 = Release|Any CPU
	EndGlobalSection
	GlobalSection(SolutionProperties) = preSolution
		HideSolutionNode = FALSE
	EndGlobalSection
	GlobalSection(ExtensibilityGlobals) = postSolution
		SolutionGuid = {90503A19-6305-4B4C-BFE9-6B29A013E883}
	EndGlobalSection
EndGlobal
